
Microsoft Visual Studio Solution File, Format Version 12.00
# Visual Studio Version 17
VisualStudioVersion = 17.7.34024.191
MinimumVisualStudioVersion = 10.0.40219.1
Project("{FAE04EC0-301F-11D3-BF4B-00C04F79EFBC}") = "Biblioteka 1", "Biblioteka 1.csproj", "{45407652-776A-43C4-8532-E8D784517444}"
EndProject
Global
	GlobalSection(SolutionConfigurationPlatforms) = preSolution
		Debug|Any CPU = Debug|Any CPU
		Release|Any CPU = Release|Any CPU
	EndGlobalSection
	GlobalSection(ProjectConfigurationPlatforms) = postSolution
		{45407652-776A-43C4-8532-E8D784517444}.Debug|Any CPU.ActiveCfg = Debug|Any CPU
		{45407652-776A-43C4-8532-E8D784517444}.Debug|Any CPU.Build.0 = Debug|Any CPU
		{45407652-776A-43C4-8532-E8D784517444}.Release|Any CPU.ActiveCfg = Release|Any CPU
		{45407652-776A-43C4-8532-E8D784517444}.Release|Any CPU.Build.0 = Release|Any CPU
	EndGlobalSection
	GlobalSection(SolutionProperties) = preSolution
		HideSolutionNode = FALSE
	EndGlobalSection
	GlobalSection(ExtensibilityGlobals) = postSolution
		SolutionGuid = {E1C27A79-9CAF-4017-9A25-0164A9C1DC49}
	EndGlobalSection
EndGlobal
